
Microsoft Visual Studio Solution File, Format Version 12.00
# Visual Studio Version 16
VisualStudioVersion = 16.0.32413.511
MinimumVisualStudioVersion = 10.0.40219.1
Project("{FAE04EC0-301F-11D3-BF4B-00C04F79EFBC}") = "Fitness.BL", "Fitness.BL\Fitness.BL.csproj", "{47A5ECEF-B14A-4728-8858-F778E1111403}"
EndProject
Project("{FAE04EC0-301F-11D3-BF4B-00C04F79EFBC}") = "Fitness.CMD", "Fitness.CMD\Fitness.CMD.csproj", "{3DDBF774-53CC-43D7-B4EB-86C6D25E4ADA}"
EndProject
Global
	GlobalSection(SolutionConfigurationPlatforms) = preSolution
		Debug|Any CPU = Debug|Any CPU
		Release|Any CPU = Release|Any CPU
	EndGlobalSection
	GlobalSection(ProjectConfigurationPlatforms) = postSolution
		{47A5ECEF-B14A-4728-8858-F778E1111403}.Debug|Any CPU.ActiveCfg = Debug|Any CPU
		{47A5ECEF-B14A-4728-8858-F778E1111403}.Debug|Any CPU.Build.0 = Debug|Any CPU
		{47A5ECEF-B14A-4728-8858-F778E1111403}.Release|Any CPU.ActiveCfg = Release|Any CPU
		{47A5ECEF-B14A-4728-8858-F778E1111403}.Release|Any CPU.Build.0 = Release|Any CPU
		{3DDBF774-53CC-43D7-B4EB-86C6D25E4ADA}.Debug|Any CPU.ActiveCfg = Debug|Any CPU
		{3DDBF774-53CC-43D7-B4EB-86C6D25E4ADA}.Debug|Any CPU.Build.0 = Debug|Any CPU
		{3DDBF774-53CC-43D7-B4EB-86C6D25E4ADA}.Release|Any CPU.ActiveCfg = Release|Any CPU
		{3DDBF774-53CC-43D7-B4EB-86C6D25E4ADA}.Release|Any CPU.Build.0 = Release|Any CPU
	EndGlobalSection
	GlobalSection(SolutionProperties) = preSolution
		HideSolutionNode = FALSE
	EndGlobalSection
	GlobalSection(ExtensibilityGlobals) = postSolution
		SolutionGuid = {9A760726-357B-4AAF-A9EB-9CC6BCB8A9DD}
	EndGlobalSection
EndGlobal
